// !$*UTF8*$!
{
	archiveVersion = 1;
	classes = {
	};
	objectVersion = 56;
	objects = {

/* Begin PBXBuildFile section */
		5464798C2AF6BE8700691D48 /* little_lemon_capstoneApp.swift in Sources */ = {isa = PBXBuildFile; fileRef = 5464798B2AF6BE8700691D48 /* little_lemon_capstoneApp.swift */; };
		5464798E2AF6BE8700691D48 /* Onboarding.swift in Sources */ = {isa = PBXBuildFile; fileRef = 5464798D2AF6BE8700691D48 /* Onboarding.swift */; };
		546479902AF6BE8800691D48 /* Assets.xcassets in Resources */ = {isa = PBXBuildFile; fileRef = 5464798F2AF6BE8800691D48 /* Assets.xcassets */; };
		546479932AF6BE8800691D48 /* Preview Assets.xcassets in Resources */ = {isa = PBXBuildFile; fileRef = 546479922AF6BE8800691D48 /* Preview Assets.xcassets */; };
		5464799D2AF6BE8800691D48 /* little_lemon_capstoneTests.swift in Sources */ = {isa = PBXBuildFile; fileRef = 5464799C2AF6BE8800691D48 /* little_lemon_capstoneTests.swift */; };
		546479A72AF6BE8800691D48 /* little_lemon_capstoneUITests.swift in Sources */ = {isa = PBXBuildFile; fileRef = 546479A62AF6BE8800691D48 /* little_lemon_capstoneUITests.swift */; };
		546479A92AF6BE8800691D48 /* little_lemon_capstoneUITestsLaunchTests.swift in Sources */ = {isa = PBXBuildFile; fileRef = 546479A82AF6BE8800691D48 /* little_lemon_capstoneUITestsLaunchTests.swift */; };
		546479B62AF6BF3000691D48 /* Home.swift in Sources */ = {isa = PBXBuildFile; fileRef = 546479B52AF6BF3000691D48 /* Home.swift */; };
		546479B82AF6BF4E00691D48 /* UserProfile.swift in Sources */ = {isa = PBXBuildFile; fileRef = 546479B72AF6BF4E00691D48 /* UserProfile.swift */; };
		546479BA2AF6BF6700691D48 /* Menu.swift in Sources */ = {isa = PBXBuildFile; fileRef = 546479B92AF6BF6700691D48 /* Menu.swift */; };
		546479BC2AF6C2F200691D48 /* FetchedObjects.swift in Sources */ = {isa = PBXBuildFile; fileRef = 546479BB2AF6C2F200691D48 /* FetchedObjects.swift */; };
		546479BE2AF6C2FD00691D48 /* Persistence.swift in Sources */ = {isa = PBXBuildFile; fileRef = 546479BD2AF6C2FD00691D48 /* Persistence.swift */; };
		546479C02AF6C37200691D48 /* MenuList.swift in Sources */ = {isa = PBXBuildFile; fileRef = 546479BF2AF6C37200691D48 /* MenuList.swift */; };
		546479C22AF6C38400691D48 /* MenuItem.swift in Sources */ = {isa = PBXBuildFile; fileRef = 546479C12AF6C38400691D48 /* MenuItem.swift */; };
		549032BB2AF9495700A614A6 /* dishesData.xcdatamodeld in Sources */ = {isa = PBXBuildFile; fileRef = 549032B92AF9495700A614A6 /* dishesData.xcdatamodeld */; };
/* End PBXBuildFile section */

/* Begin PBXContainerItemProxy section */
		546479992AF6BE8800691D48 /* PBXContainerItemProxy */ = {
			isa = PBXContainerItemProxy;
			containerPortal = 546479802AF6BE8700691D48 /* Project object */;
			proxyType = 1;
			remoteGlobalIDString = 546479872AF6BE8700691D48;
			remoteInfo = "little lemon capstone";
		};
		546479A32AF6BE8800691D48 /* PBXContainerItemProxy */ = {
			isa = PBXContainerItemProxy;
			containerPortal = 546479802AF6BE8700691D48 /* Project object */;
			proxyType = 1;
			remoteGlobalIDString = 546479872AF6BE8700691D48;
			remoteInfo = "little lemon capstone";
		};
/* End PBXContainerItemProxy section */

/* Begin PBXFileReference section */
		546479882AF6BE8700691D48 /* little lemon capstone.app */ = {isa = PBXFileReference; explicitFileType = wrapper.application; includeInIndex = 0; path = "little lemon capstone.app"; sourceTree = BUILT_PRODUCTS_DIR; };
		5464798B2AF6BE8700691D48 /* little_lemon_capstoneApp.swift */ = {isa = PBXFileReference; lastKnownFileType = sourcecode.swift; path = little_lemon_capstoneApp.swift; sourceTree = "<group>"; };
		5464798D2AF6BE8700691D48 /* Onboarding.swift */ = {isa = PBXFileReference; lastKnownFileType = sourcecode.swift; path = Onboarding.swift; sourceTree = "<group>"; };
		5464798F2AF6BE8800691D48 /* Assets.xcassets */ = {isa = PBXFileReference; lastKnownFileType = folder.assetcatalog; path = Assets.xcassets; sourceTree = "<group>"; };
		546479922AF6BE8800691D48 /* Preview Assets.xcassets */ = {isa = PBXFileReference; lastKnownFileType = folder.assetcatalog; path = "Preview Assets.xcassets"; sourceTree = "<group>"; };
		546479982AF6BE8800691D48 /* little lemon capstoneTests.xctest */ = {isa = PBXFileReference; explicitFileType = wrapper.cfbundle; includeInIndex = 0; path = "little lemon capstoneTests.xctest"; sourceTree = BUILT_PRODUCTS_DIR; };
		5464799C2AF6BE8800691D48 /* little_lemon_capstoneTests.swift */ = {isa = PBXFileReference; lastKnownFileType = sourcecode.swift; path = little_lemon_capstoneTests.swift; sourceTree = "<group>"; };
		546479A22AF6BE8800691D48 /* little lemon capstoneUITests.xctest */ = {isa = PBXFileReference; explicitFileType = wrapper.cfbundle; includeInIndex = 0; path = "little lemon capstoneUITests.xctest"; sourceTree = BUILT_PRODUCTS_DIR; };
		546479A62AF6BE8800691D48 /* little_lemon_capstoneUITests.swift */ = {isa = PBXFileReference; lastKnownFileType = sourcecode.swift; path = little_lemon_capstoneUITests.swift; sourceTree = "<group>"; };
		546479A82AF6BE8800691D48 /* little_lemon_capstoneUITestsLaunchTests.swift */ = {isa = PBXFileReference; lastKnownFileType = sourcecode.swift; path = little_lemon_capstoneUITestsLaunchTests.swift; sourceTree = "<group>"; };
		546479B52AF6BF3000691D48 /* Home.swift */ = {isa = PBXFileReference; lastKnownFileType = sourcecode.swift; path = Home.swift; sourceTree = "<group>"; };
		546479B72AF6BF4E00691D48 /* UserProfile.swift */ = {isa = PBXFileReference; lastKnownFileType = sourcecode.swift; path = UserProfile.swift; sourceTree = "<group>"; };
		546479B92AF6BF6700691D48 /* Menu.swift */ = {isa = PBXFileReference; lastKnownFileType = sourcecode.swift; path = Menu.swift; sourceTree = "<group>"; };
		546479BB2AF6C2F200691D48 /* FetchedObjects.swift */ = {isa = PBXFileReference; fileEncoding = 4; lastKnownFileType = sourcecode.swift; path = FetchedObjects.swift; sourceTree = "<group>"; };
		546479BD2AF6C2FD00691D48 /* Persistence.swift */ = {isa = PBXFileReference; fileEncoding = 4; lastKnownFileType = sourcecode.swift; path = Persistence.swift; sourceTree = "<group>"; };
		546479BF2AF6C37200691D48 /* MenuList.swift */ = {isa = PBXFileReference; lastKnownFileType = sourcecode.swift; path = MenuList.swift; sourceTree = "<group>"; };
		546479C12AF6C38400691D48 /* MenuItem.swift */ = {isa = PBXFileReference; lastKnownFileType = sourcecode.swift; path = MenuItem.swift; sourceTree = "<group>"; };
		549032BA2AF9495700A614A6 /* dishesData.xcdatamodel */ = {isa = PBXFileReference; lastKnownFileType = wrapper.xcdatamodel; path = dishesData.xcdatamodel; sourceTree = "<group>"; };
/* End PBXFileReference section */

/* Begin PBXFrameworksBuildPhase section */
		546479852AF6BE8700691D48 /* Frameworks */ = {
			isa = PBXFrameworksBuildPhase;
			buildActionMask = 2147483647;
			files = (
			);
			runOnlyForDeploymentPostprocessing = 0;
		};
		546479952AF6BE8800691D48 /* Frameworks */ = {
			isa = PBXFrameworksBuildPhase;
			buildActionMask = 2147483647;
			files = (
			);
			runOnlyForDeploymentPostprocessing = 0;
		};
		5464799F2AF6BE8800691D48 /* Frameworks */ = {
			isa = PBXFrameworksBuildPhase;
			buildActionMask = 2147483647;
			files = (
			);
			runOnlyForDeploymentPostprocessing = 0;
		};
/* End PBXFrameworksBuildPhase section */

/* Begin PBXGroup section */
		5464797F2AF6BE8700691D48 = {
			isa = PBXGroup;
			children = (
				5464798A2AF6BE8700691D48 /* little lemon capstone */,
				5464799B2AF6BE8800691D48 /* little lemon capstoneTests */,
				546479A52AF6BE8800691D48 /* little lemon capstoneUITests */,
				546479892AF6BE8700691D48 /* Products */,
			);
			sourceTree = "<group>";
		};
		546479892AF6BE8700691D48 /* Products */ = {
			isa = PBXGroup;
			children = (
				546479882AF6BE8700691D48 /* little lemon capstone.app */,
				546479982AF6BE8800691D48 /* little lemon capstoneTests.xctest */,
				546479A22AF6BE8800691D48 /* little lemon capstoneUITests.xctest */,
			);
			name = Products;
			sourceTree = "<group>";
		};
		5464798A2AF6BE8700691D48 /* little lemon capstone */ = {
			isa = PBXGroup;
			children = (
				549032B92AF9495700A614A6 /* dishesData.xcdatamodeld */,
				5464798B2AF6BE8700691D48 /* little_lemon_capstoneApp.swift */,
				5464798D2AF6BE8700691D48 /* Onboarding.swift */,
				546479B72AF6BF4E00691D48 /* UserProfile.swift */,
				546479B52AF6BF3000691D48 /* Home.swift */,
				546479B92AF6BF6700691D48 /* Menu.swift */,
				546479BB2AF6C2F200691D48 /* FetchedObjects.swift */,
				546479BD2AF6C2FD00691D48 /* Persistence.swift */,
				546479BF2AF6C37200691D48 /* MenuList.swift */,
				546479C12AF6C38400691D48 /* MenuItem.swift */,
				5464798F2AF6BE8800691D48 /* Assets.xcassets */,
				546479912AF6BE8800691D48 /* Preview Content */,
			);
			path = "little lemon capstone";
			sourceTree = "<group>";
		};
		546479912AF6BE8800691D48 /* Preview Content */ = {
			isa = PBXGroup;
			children = (
				546479922AF6BE8800691D48 /* Preview Assets.xcassets */,
			);
			path = "Preview Content";
			sourceTree = "<group>";
		};
		5464799B2AF6BE8800691D48 /* little lemon capstoneTests */ = {
			isa = PBXGroup;
			children = (
				5464799C2AF6BE8800691D48 /* little_lemon_capstoneTests.swift */,
			);
			path = "little lemon capstoneTests";
			sourceTree = "<group>";
		};
		546479A52AF6BE8800691D48 /* little lemon capstoneUITests */ = {
			isa = PBXGroup;
			children = (
				546479A62AF6BE8800691D48 /* little_lemon_capstoneUITests.swift */,
				546479A82AF6BE8800691D48 /* little_lemon_capstoneUITestsLaunchTests.swift */,
			);
			path = "little lemon capstoneUITests";
			sourceTree = "<group>";
		};
/* End PBXGroup section */

/* Begin PBXNativeTarget section */
		546479872AF6BE8700691D48 /* little lemon capstone */ = {
			isa = PBXNativeTarget;
			buildConfigurationList = 546479AC2AF6BE8800691D48 /* Build configuration list for PBXNativeTarget "little lemon capstone" */;
			buildPhases = (
				546479842AF6BE8700691D48 /* Sources */,
				546479852AF6BE8700691D48 /* Frameworks */,
				546479862AF6BE8700691D48 /* Resources */,
			);
			buildRules = (
			);
			dependencies = (
			);
			name = "little lemon capstone";
			productName = "little lemon capstone";
			productReference = 546479882AF6BE8700691D48 /* little lemon capstone.app */;
			productType = "com.apple.product-type.application";
		};
		546479972AF6BE8800691D48 /* little lemon capstoneTests */ = {
			isa = PBXNativeTarget;
			buildConfigurationList = 546479AF2AF6BE8800691D48 /* Build configuration list for PBXNativeTarget "little lemon capstoneTests" */;
			buildPhases = (
				546479942AF6BE8800691D48 /* Sources */,
				546479952AF6BE8800691D48 /* Frameworks */,
				546479962AF6BE8800691D48 /* Resources */,
			);
			buildRules = (
			);
			dependencies = (
				5464799A2AF6BE8800691D48 /* PBXTargetDependency */,
			);
			name = "little lemon capstoneTests";
			productName = "little lemon capstoneTests";
			productReference = 546479982AF6BE8800691D48 /* little lemon capstoneTests.xctest */;
			productType = "com.apple.product-type.bundle.unit-test";
		};
		546479A12AF6BE8800691D48 /* little lemon capstoneUITests */ = {
			isa = PBXNativeTarget;
			buildConfigurationList = 546479B22AF6BE8800691D48 /* Build configuration list for PBXNativeTarget "little lemon capstoneUITests" */;
			buildPhases = (
				5464799E2AF6BE8800691D48 /* Sources */,
				5464799F2AF6BE8800691D48 /* Frameworks */,
				546479A02AF6BE8800691D48 /* Resources */,
			);
			buildRules = (
			);
			dependencies = (
				546479A42AF6BE8800691D48 /* PBXTargetDependency */,
			);
			name = "little lemon capstoneUITests";
			productName = "little lemon capstoneUITests";
			productReference = 546479A22AF6BE8800691D48 /* little lemon capstoneUITests.xctest */;
			productType = "com.apple.product-type.bundle.ui-testing";
		};
/* End PBXNativeTarget section */

/* Begin PBXProject section */
		546479802AF6BE8700691D48 /* Project object */ = {
			isa = PBXProject;
			attributes = {
				BuildIndependentTargetsInParallel = 1;
				LastSwiftUpdateCheck = 1500;
				LastUpgradeCheck = 1500;
				TargetAttributes = {
					546479872AF6BE8700691D48 = {
						CreatedOnToolsVersion = 15.0.1;
					};
					546479972AF6BE8800691D48 = {
						CreatedOnToolsVersion = 15.0.1;
						TestTargetID = 546479872AF6BE8700691D48;
					};
					546479A12AF6BE8800691D48 = {
						CreatedOnToolsVersion = 15.0.1;
						TestTargetID = 546479872AF6BE8700691D48;
					};
				};
			};
			buildConfigurationList = 546479832AF6BE8700691D48 /* Build configuration list for PBXProject "little lemon capstone" */;
			compatibilityVersion = "Xcode 14.0";
			developmentRegion = en;
			hasScannedForEncodings = 0;
			knownRegions = (
				en,
				Base,
			);
			mainGroup = 5464797F2AF6BE8700691D48;
			productRefGroup = 546479892AF6BE8700691D48 /* Products */;
			projectDirPath = "";
			projectRoot = "";
			targets = (
				546479872AF6BE8700691D48 /* little lemon capstone */,
				546479972AF6BE8800691D48 /* little lemon capstoneTests */,
				546479A12AF6BE8800691D48 /* little lemon capstoneUITests */,
			);
		};
/* End PBXProject section */

/* Begin PBXResourcesBuildPhase section */
		546479862AF6BE8700691D48 /* Resources */ = {
			isa = PBXResourcesBuildPhase;
			buildActionMask = 2147483647;
			files = (
				546479932AF6BE8800691D48 /* Preview Assets.xcassets in Resources */,
				546479902AF6BE8800691D48 /* Assets.xcassets in Resources */,
			);
			runOnlyForDeploymentPostprocessing = 0;
		};
		546479962AF6BE8800691D48 /* Resources */ = {
			isa = PBXResourcesBuildPhase;
			buildActionMask = 2147483647;
			files = (
			);
			runOnlyForDeploymentPostprocessing = 0;
		};
		546479A02AF6BE8800691D48 /* Resources */ = {
			isa = PBXResourcesBuildPhase;
			buildActionMask = 2147483647;
			files = (
			);
			runOnlyForDeploymentPostprocessing = 0;
		};
/* End PBXResourcesBuildPhase section */

/* Begin PBXSourcesBuildPhase section */
		546479842AF6BE8700691D48 /* Sources */ = {
			isa = PBXSourcesBuildPhase;
			buildActionMask = 2147483647;
			files = (
				546479B82AF6BF4E00691D48 /* UserProfile.swift in Sources */,
				5464798E2AF6BE8700691D48 /* Onboarding.swift in Sources */,
				546479C02AF6C37200691D48 /* MenuList.swift in Sources */,
				546479BC2AF6C2F200691D48 /* FetchedObjects.swift in Sources */,
				546479BE2AF6C2FD00691D48 /* Persistence.swift in Sources */,
				546479B62AF6BF3000691D48 /* Home.swift in Sources */,
				546479C22AF6C38400691D48 /* MenuItem.swift in Sources */,
				5464798C2AF6BE8700691D48 /* little_lemon_capstoneApp.swift in Sources */,
				546479BA2AF6BF6700691D48 /* Menu.swift in Sources */,
				549032BB2AF9495700A614A6 /* dishesData.xcdatamodeld in Sources */,
			);
			runOnlyForDeploymentPostprocessing = 0;
		};
		546479942AF6BE8800691D48 /* Sources */ = {
			isa = PBXSourcesBuildPhase;
			buildActionMask = 2147483647;
			files = (
				5464799D2AF6BE8800691D48 /* little_lemon_capstoneTests.swift in Sources */,
			);
			runOnlyForDeploymentPostprocessing = 0;
		};
		5464799E2AF6BE8800691D48 /* Sources */ = {
			isa = PBXSourcesBuildPhase;
			buildActionMask = 2147483647;
			files = (
				546479A72AF6BE8800691D48 /* little_lemon_capstoneUITests.swift in Sources */,
				546479A92AF6BE8800691D48 /* little_lemon_capstoneUITestsLaunchTests.swift in Sources */,
			);
			runOnlyForDeploymentPostprocessing = 0;
		};
/* End PBXSourcesBuildPhase section */

/* Begin PBXTargetDependency section */
		5464799A2AF6BE8800691D48 /* PBXTargetDependency */ = {
			isa = PBXTargetDependency;
			target = 546479872AF6BE8700691D48 /* little lemon capstone */;
			targetProxy = 546479992AF6BE8800691D48 /* PBXContainerItemProxy */;
		};
		546479A42AF6BE8800691D48 /* PBXTargetDependency */ = {
			isa = PBXTargetDependency;
			target = 546479872AF6BE8700691D48 /* little lemon capstone */;
			targetProxy = 546479A32AF6BE8800691D48 /* PBXContainerItemProxy */;
		};
/* End PBXTargetDependency section */

/* Begin XCBuildConfiguration section */
		546479AA2AF6BE8800691D48 /* Debug */ = {
			isa = XCBuildConfiguration;
			buildSettings = {
				ALWAYS_SEARCH_USER_PATHS = NO;
				ASSETCATALOG_COMPILER_GENERATE_SWIFT_ASSET_SYMBOL_EXTENSIONS = YES;
				CLANG_ANALYZER_NONNULL = YES;
				CLANG_ANALYZER_NUMBER_OBJECT_CONVERSION = YES_AGGRESSIVE;
				CLANG_CXX_LANGUAGE_STANDARD = "gnu++20";
				CLANG_ENABLE_MODULES = YES;
				CLANG_ENABLE_OBJC_ARC = YES;
				CLANG_ENABLE_OBJC_WEAK = YES;
				CLANG_WARN_BLOCK_CAPTURE_AUTORELEASING = YES;
				CLANG_WARN_BOOL_CONVERSION = YES;
				CLANG_WARN_COMMA = YES;
				CLANG_WARN_CONSTANT_CONVERSION = YES;
				CLANG_WARN_DEPRECATED_OBJC_IMPLEMENTATIONS = YES;
				CLANG_WARN_DIRECT_OBJC_ISA_USAGE = YES_ERROR;
				CLANG_WARN_DOCUMENTATION_COMMENTS = YES;
				CLANG_WARN_EMPTY_BODY = YES;
				CLANG_WARN_ENUM_CONVERSION = YES;
				CLANG_WARN_INFINITE_RECURSION = YES;
				CLANG_WARN_INT_CONVERSION = YES;
				CLANG_WARN_NON_LITERAL_NULL_CONVERSION = YES;
				CLANG_WARN_OBJC_IMPLICIT_RETAIN_SELF = YES;
				CLANG_WARN_OBJC_LITERAL_CONVERSION = YES;
				CLANG_WARN_OBJC_ROOT_CLASS = YES_ERROR;
				CLANG_WARN_QUOTED_INCLUDE_IN_FRAMEWORK_HEADER = YES;
				CLANG_WARN_RANGE_LOOP_ANALYSIS = YES;
				CLANG_WARN_STRICT_PROTOTYPES = YES;
				CLANG_WARN_SUSPICIOUS_MOVE = YES;
				CLANG_WARN_UNGUARDED_AVAILABILITY = YES_AGGRESSIVE;
				CLANG_WARN_UNREACHABLE_CODE = YES;
				CLANG_WARN__DUPLICATE_METHOD_MATCH = YES;
				COPY_PHASE_STRIP = NO;
				DEBUG_INFORMATION_FORMAT = dwarf;
				ENABLE_STRICT_OBJC_MSGSEND = YES;
				ENABLE_TESTABILITY = YES;
				ENABLE_USER_SCRIPT_SANDBOXING = YES;
				GCC_C_LANGUAGE_STANDARD = gnu17;
				GCC_DYNAMIC_NO_PIC = NO;
				GCC_NO_COMMON_BLOCKS = YES;
				GCC_OPTIMIZATION_LEVEL = 0;
				GCC_PREPROCESSOR_DEFINITIONS = (
					"DEBUG=1",
					"$(inherited)",
				);
				GCC_WARN_64_TO_32_BIT_CONVERSION = YES;
				GCC_WARN_ABOUT_RETURN_TYPE = YES_ERROR;
				GCC_WARN_UNDECLARED_SELECTOR = YES;
				GCC_WARN_UNINITIALIZED_AUTOS = YES_AGGRESSIVE;
				GCC_WARN_UNUSED_FUNCTION = YES;
				GCC_WARN_UNUSED_VARIABLE = YES;
				IPHONEOS_DEPLOYMENT_TARGET = 17.0;
				LOCALIZATION_PREFERS_STRING_CATALOGS = YES;
				MTL_ENABLE_DEBUG_INFO = INCLUDE_SOURCE;
				MTL_FAST_MATH = YES;
				ONLY_ACTIVE_ARCH = YES;
				SDKROOT = iphoneos;
				SWIFT_ACTIVE_COMPILATION_CONDITIONS = "DEBUG $(inherited)";
				SWIFT_OPTIMIZATION_LEVEL = "-Onone";
			};
			name = Debug;
		};
		546479AB2AF6BE8800691D48 /* Release */ = {
			isa = XCBuildConfiguration;
			buildSettings = {
				ALWAYS_SEARCH_USER_PATHS = NO;
				ASSETCATALOG_COMPILER_GENERATE_SWIFT_ASSET_SYMBOL_EXTENSIONS = YES;
				CLANG_ANALYZER_NONNULL = YES;
				CLANG_ANALYZER_NUMBER_OBJECT_CONVERSION = YES_AGGRESSIVE;
				CLANG_CXX_LANGUAGE_STANDARD = "gnu++20";
				CLANG_ENABLE_MODULES = YES;
				CLANG_ENABLE_OBJC_ARC = YES;
				CLANG_ENABLE_OBJC_WEAK = YES;
				CLANG_WARN_BLOCK_CAPTURE_AUTORELEASING = YES;
				CLANG_WARN_BOOL_CONVERSION = YES;
				CLANG_WARN_COMMA = YES;
				CLANG_WARN_CONSTANT_CONVERSION = YES;
				CLANG_WARN_DEPRECATED_OBJC_IMPLEMENTATIONS = YES;
				CLANG_WARN_DIRECT_OBJC_ISA_USAGE = YES_ERROR;
				CLANG_WARN_DOCUMENTATION_COMMENTS = YES;
				CLANG_WARN_EMPTY_BODY = YES;
				CLANG_WARN_ENUM_CONVERSION = YES;
				CLANG_WARN_INFINITE_RECURSION = YES;
				CLANG_WARN_INT_CONVERSION = YES;
				CLANG_WARN_NON_LITERAL_NULL_CONVERSION = YES;
				CLANG_WARN_OBJC_IMPLICIT_RETAIN_SELF = YES;
				CLANG_WARN_OBJC_LITERAL_CONVERSION = YES;
				CLANG_WARN_OBJC_ROOT_CLASS = YES_ERROR;
				CLANG_WARN_QUOTED_INCLUDE_IN_FRAMEWORK_HEADER = YES;
				CLANG_WARN_RANGE_LOOP_ANALYSIS = YES;
				CLANG_WARN_STRICT_PROTOTYPES = YES;
				CLANG_WARN_SUSPICIOUS_MOVE = YES;
				CLANG_WARN_UNGUARDED_AVAILABILITY = YES_AGGRESSIVE;
				CLANG_WARN_UNREACHABLE_CODE = YES;
				CLANG_WARN__DUPLICATE_METHOD_MATCH = YES;
				COPY_PHASE_STRIP = NO;
				DEBUG_INFORMATION_FORMAT = "dwarf-with-dsym";
				ENABLE_NS_ASSERTIONS = NO;
				ENABLE_STRICT_OBJC_MSGSEND = YES;
				ENABLE_USER_SCRIPT_SANDBOXING = YES;
				GCC_C_LANGUAGE_STANDARD = gnu17;
				GCC_NO_COMMON_BLOCKS = YES;
				GCC_WARN_64_TO_32_BIT_CONVERSION = YES;
				GCC_WARN_ABOUT_RETURN_TYPE = YES_ERROR;
				GCC_WARN_UNDECLARED_SELECTOR = YES;
				GCC_WARN_UNINITIALIZED_AUTOS = YES_AGGRESSIVE;
				GCC_WARN_UNUSED_FUNCTION = YES;
				GCC_WARN_UNUSED_VARIABLE = YES;
				IPHONEOS_DEPLOYMENT_TARGET = 17.0;
				LOCALIZATION_PREFERS_STRING_CATALOGS = YES;
				MTL_ENABLE_DEBUG_INFO = NO;
				MTL_FAST_MATH = YES;
				SDKROOT = iphoneos;
				SWIFT_COMPILATION_MODE = wholemodule;
				VALIDATE_PRODUCT = YES;
			};
			name = Release;
		};
		546479AD2AF6BE8800691D48 /* Debug */ = {
			isa = XCBuildConfiguration;
			buildSettings = {
				ASSETCATALOG_COMPILER_APPICON_NAME = AppIcon;
				ASSETCATALOG_COMPILER_GLOBAL_ACCENT_COLOR_NAME = AccentColor;
				CODE_SIGN_STYLE = Automatic;
				CURRENT_PROJECT_VERSION = 1;
				DEVELOPMENT_ASSET_PATHS = "\"little lemon capstone/Preview Content\"";
				ENABLE_PREVIEWS = YES;
				GENERATE_INFOPLIST_FILE = YES;
				INFOPLIST_KEY_UIApplicationSceneManifest_Generation = YES;
				INFOPLIST_KEY_UIApplicationSupportsIndirectInputEvents = YES;
				INFOPLIST_KEY_UILaunchScreen_Generation = YES;
				INFOPLIST_KEY_UISupportedInterfaceOrientations_iPad = "UIInterfaceOrientationPortrait UIInterfaceOrientationPortraitUpsideDown UIInterfaceOrientationLandscapeLeft UIInterfaceOrientationLandscapeRight";
				INFOPLIST_KEY_UISupportedInterfaceOrientations_iPhone = "UIInterfaceOrientationPortrait UIInterfaceOrientationLandscapeLeft UIInterfaceOrientationLandscapeRight";
				LD_RUNPATH_SEARCH_PATHS = (
					"$(inherited)",
					"@executable_path/Frameworks",
				);
				MARKETING_VERSION = 1.0;
				PRODUCT_BUNDLE_IDENTIFIER = "comlittlemon.little-lemon-capstone";
				PRODUCT_NAME = "$(TARGET_NAME)";
				SWIFT_EMIT_LOC_STRINGS = YES;
				SWIFT_VERSION = 5.0;
				TARGETED_DEVICE_FAMILY = "1,2";
			};
			name = Debug;
		};
		546479AE2AF6BE8800691D48 /* Release */ = {
			isa = XCBuildConfiguration;
			buildSettings = {
				ASSETCATALOG_COMPILER_APPICON_NAME = AppIcon;
				ASSETCATALOG_COMPILER_GLOBAL_ACCENT_COLOR_NAME = AccentColor;
				CODE_SIGN_STYLE = Automatic;
				CURRENT_PROJECT_VERSION = 1;
				DEVELOPMENT_ASSET_PATHS = "\"little lemon capstone/Preview Content\"";
				ENABLE_PREVIEWS = YES;
				GENERATE_INFOPLIST_FILE = YES;
				INFOPLIST_KEY_UIApplicationSceneManifest_Generation = YES;
				INFOPLIST_KEY_UIApplicationSupportsIndirectInputEvents = YES;
				INFOPLIST_KEY_UILaunchScreen_Generation = YES;
				INFOPLIST_KEY_UISupportedInterfaceOrientations_iPad = "UIInterfaceOrientationPortrait UIInterfaceOrientationPortraitUpsideDown UIInterfaceOrientationLandscapeLeft UIInterfaceOrientationLandscapeRight";
				INFOPLIST_KEY_UISupportedInterfaceOrientations_iPhone = "UIInterfaceOrientationPortrait UIInterfaceOrientationLandscapeLeft UIInterfaceOrientationLandscapeRight";
				LD_RUNPATH_SEARCH_PATHS = (
					"$(inherited)",
					"@executable_path/Frameworks",
				);
				MARKETING_VERSION = 1.0;
				PRODUCT_BUNDLE_IDENTIFIER = "comlittlemon.little-lemon-capstone";
				PRODUCT_NAME = "$(TARGET_NAME)";
				SWIFT_EMIT_LOC_STRINGS = YES;
				SWIFT_VERSION = 5.0;
				TARGETED_DEVICE_FAMILY = "1,2";
			};
			name = Release;
		};
		546479B02AF6BE8800691D48 /* Debug */ = {
			isa = XCBuildConfiguration;
			buildSettings = {
				ALWAYS_EMBED_SWIFT_STANDARD_LIBRARIES = YES;
				BUNDLE_LOADER = "$(TEST_HOST)";
				CODE_SIGN_STYLE = Automatic;
				CURRENT_PROJECT_VERSION = 1;
				GENERATE_INFOPLIST_FILE = YES;
				IPHONEOS_DEPLOYMENT_TARGET = 17.0;
				MARKETING_VERSION = 1.0;
				PRODUCT_BUNDLE_IDENTIFIER = "comlittlemon.little-lemon-capstoneTests";
				PRODUCT_NAME = "$(TARGET_NAME)";
				SWIFT_EMIT_LOC_STRINGS = NO;
				SWIFT_VERSION = 5.0;
				TARGETED_DEVICE_FAMILY = "1,2";
				TEST_HOST = "$(BUILT_PRODUCTS_DIR)/little lemon capstone.app/$(BUNDLE_EXECUTABLE_FOLDER_PATH)/little lemon capstone";
			};
			name = Debug;
		};
		546479B12AF6BE8800691D48 /* Release */ = {
			isa = XCBuildConfiguration;
			buildSettings = {
				ALWAYS_EMBED_SWIFT_STANDARD_LIBRARIES = YES;
				BUNDLE_LOADER = "$(TEST_HOST)";
				CODE_SIGN_STYLE = Automatic;
				CURRENT_PROJECT_VERSION = 1;
				GENERATE_INFOPLIST_FILE = YES;
				IPHONEOS_DEPLOYMENT_TARGET = 17.0;
				MARKETING_VERSION = 1.0;
				PRODUCT_BUNDLE_IDENTIFIER = "comlittlemon.little-lemon-capstoneTests";
				PRODUCT_NAME = "$(TARGET_NAME)";
				SWIFT_EMIT_LOC_STRINGS = NO;
				SWIFT_VERSION = 5.0;
				TARGETED_DEVICE_FAMILY = "1,2";
				TEST_HOST = "$(BUILT_PRODUCTS_DIR)/little lemon capstone.app/$(BUNDLE_EXECUTABLE_FOLDER_PATH)/little lemon capstone";
			};
			name = Release;
		};
		546479B32AF6BE8800691D48 /* Debug */ = {
			isa = XCBuildConfiguration;
			buildSettings = {
				ALWAYS_EMBED_SWIFT_STANDARD_LIBRARIES = YES;
				CODE_SIGN_STYLE = Automatic;
				CURRENT_PROJECT_VERSION = 1;
				GENERATE_INFOPLIST_FILE = YES;
				MARKETING_VERSION = 1.0;
				PRODUCT_BUNDLE_IDENTIFIER = "comlittlemon.little-lemon-capstoneUITests";
				PRODUCT_NAME = "$(TARGET_NAME)";
				SWIFT_EMIT_LOC_STRINGS = NO;
				SWIFT_VERSION = 5.0;
				TARGETED_DEVICE_FAMILY = "1,2";
				TEST_TARGET_NAME = "little lemon capstone";
			};
			name = Debug;
		};
		546479B42AF6BE8800691D48 /* Release */ = {
			isa = XCBuildConfiguration;
			buildSettings = {
				ALWAYS_EMBED_SWIFT_STANDARD_LIBRARIES = YES;
				CODE_SIGN_STYLE = Automatic;
				CURRENT_PROJECT_VERSION = 1;
				GENERATE_INFOPLIST_FILE = YES;
				MARKETING_VERSION = 1.0;
				PRODUCT_BUNDLE_IDENTIFIER = "comlittlemon.little-lemon-capstoneUITests";
				PRODUCT_NAME = "$(TARGET_NAME)";
				SWIFT_EMIT_LOC_STRINGS = NO;
				SWIFT_VERSION = 5.0;
				TARGETED_DEVICE_FAMILY = "1,2";
				TEST_TARGET_NAME = "little lemon capstone";
			};
			name = Release;
		};
/* End XCBuildConfiguration section */

/* Begin XCConfigurationList section */
		546479832AF6BE8700691D48 /* Build configuration list for PBXProject "little lemon capstone" */ = {
			isa = XCConfigurationList;
			buildConfigurations = (
				546479AA2AF6BE8800691D48 /* Debug */,
				546479AB2AF6BE8800691D48 /* Release */,
			);
			defaultConfigurationIsVisible = 0;
			defaultConfigurationName = Release;
		};
		546479AC2AF6BE8800691D48 /* Build configuration list for PBXNativeTarget "little lemon capstone" */ = {
			isa = XCConfigurationList;
			buildConfigurations = (
				546479AD2AF6BE8800691D48 /* Debug */,
				546479AE2AF6BE8800691D48 /* Release */,
			);
			defaultConfigurationIsVisible = 0;
			defaultConfigurationName = Release;
		};
		546479AF2AF6BE8800691D48 /* Build configuration list for PBXNativeTarget "little lemon capstoneTests" */ = {
			isa = XCConfigurationList;
			buildConfigurations = (
				546479B02AF6BE8800691D48 /* Debug */,
				546479B12AF6BE8800691D48 /* Release */,
			);
			defaultConfigurationIsVisible = 0;
			defaultConfigurationName = Release;
		};
		546479B22AF6BE8800691D48 /* Build configuration list for PBXNativeTarget "little lemon capstoneUITests" */ = {
			isa = XCConfigurationList;
			buildConfigurations = (
				546479B32AF6BE8800691D48 /* Debug */,
				546479B42AF6BE8800691D48 /* Release */,
			);
			defaultConfigurationIsVisible = 0;
			defaultConfigurationName = Release;
		};
/* End XCConfigurationList section */

/* Begin XCVersionGroup section */
		549032B92AF9495700A614A6 /* dishesData.xcdatamodeld */ = {
			isa = XCVersionGroup;
			children = (
				549032BA2AF9495700A614A6 /* dishesData.xcdatamodel */,
			);
			currentVersion = 549032BA2AF9495700A614A6 /* dishesData.xcdatamodel */;
			path = dishesData.xcdatamodeld;
			sourceTree = "<group>";
			versionGroupType = wrapper.xcdatamodel;
		};
/* End XCVersionGroup section */
	};
	rootObject = 546479802AF6BE8700691D48 /* Project object */;
}
